
Microsoft Visual Studio Solution File, Format Version 12.00
# Visual Studio Version 17
VisualStudioVersion = 17.3.32922.545
MinimumVisualStudioVersion = 10.0.40219.1
Project("{8BC9CEB8-8B4A-11D0-8D11-00A0C91BC942}") = "mod6repairShopBill", "mod6repairShopBill\mod6repairShopBill.vcxproj", "{C17712EF-845A-415E-816B-25275C5F810C}"
EndProject
Global
	GlobalSection(SolutionConfigurationPlatforms) = preSolution
		Debug|x64 = Debug|x64
		Debug|x86 = Debug|x86
		Release|x64 = Release|x64
		Release|x86 = Release|x86
	EndGlobalSection
	GlobalSection(ProjectConfigurationPlatforms) = postSolution
		{C17712EF-845A-415E-816B-25275C5F810C}.Debug|x64.ActiveCfg = Debug|x64
		{C17712EF-845A-415E-816B-25275C5F810C}.Debug|x64.Build.0 = Debug|x64
		{C17712EF-845A-415E-816B-25275C5F810C}.Debug|x86.ActiveCfg = Debug|Win32
		{C17712EF-845A-415E-816B-25275C5F810C}.Debug|x86.Build.0 = Debug|Win32
		{C17712EF-845A-415E-816B-25275C5F810C}.Release|x64.ActiveCfg = Release|x64
		{C17712EF-845A-415E-816B-25275C5F810C}.Release|x64.Build.0 = Release|x64
		{C17712EF-845A-415E-816B-25275C5F810C}.Release|x86.ActiveCfg = Release|Win32
		{C17712EF-845A-415E-816B-25275C5F810C}.Release|x86.Build.0 = Release|Win32
	EndGlobalSection
	GlobalSection(SolutionProperties) = preSolution
		HideSolutionNode = FALSE
	EndGlobalSection
	GlobalSection(ExtensibilityGlobals) = postSolution
		SolutionGuid = {BD0D600E-069F-4134-98D0-B01563236E34}
	EndGlobalSection
EndGlobal
